
Microsoft Visual Studio Solution File, Format Version 12.00
# Visual Studio Version 16
VisualStudioVersion = 16.0.31105.61
MinimumVisualStudioVersion = 10.0.40219.1
Project("{FAE04EC0-301F-11D3-BF4B-00C04F79EFBC}") = "Elena Juan Alvaro 2D", "Elena Juan Alvaro 2D\Elena Juan Alvaro 2D.csproj", "{D6C01A2A-BA64-483E-8123-569C1E2F3A12}"
EndProject
Project("{FAE04EC0-301F-11D3-BF4B-00C04F79EFBC}") = "Entidades", "Entidades\Entidades.csproj", "{9FF37C8A-9618-4CB8-8F74-7530E65D2474}"
EndProject
Global
	GlobalSection(SolutionConfigurationPlatforms) = preSolution
		Debug|Any CPU = Debug|Any CPU
		Release|Any CPU = Release|Any CPU
	EndGlobalSection
	GlobalSection(ProjectConfigurationPlatforms) = postSolution
		{D6C01A2A-BA64-483E-8123-569C1E2F3A12}.Debug|Any CPU.ActiveCfg = Debug|Any CPU
		{D6C01A2A-BA64-483E-8123-569C1E2F3A12}.Debug|Any CPU.Build.0 = Debug|Any CPU
		{D6C01A2A-BA64-483E-8123-569C1E2F3A12}.Release|Any CPU.ActiveCfg = Release|Any CPU
		{D6C01A2A-BA64-483E-8123-569C1E2F3A12}.Release|Any CPU.Build.0 = Release|Any CPU
		{9FF37C8A-9618-4CB8-8F74-7530E65D2474}.Debug|Any CPU.ActiveCfg = Debug|Any CPU
		{9FF37C8A-9618-4CB8-8F74-7530E65D2474}.Debug|Any CPU.Build.0 = Debug|Any CPU
		{9FF37C8A-9618-4CB8-8F74-7530E65D2474}.Release|Any CPU.ActiveCfg = Release|Any CPU
		{9FF37C8A-9618-4CB8-8F74-7530E65D2474}.Release|Any CPU.Build.0 = Release|Any CPU
	EndGlobalSection
	GlobalSection(SolutionProperties) = preSolution
		HideSolutionNode = FALSE
	EndGlobalSection
	GlobalSection(ExtensibilityGlobals) = postSolution
		SolutionGuid = {66536509-30D4-450D-976D-B01A9246C5BF}
	EndGlobalSection
EndGlobal
